
Microsoft Visual Studio Solution File, Format Version 12.00
# Visual Studio Version 16
VisualStudioVersion = 16.0.30225.117
MinimumVisualStudioVersion = 10.0.40219.1
Project("{FAE04EC0-301F-11D3-BF4B-00C04F79EFBC}") = "MVC_Todo", "MVC_Todo\MVC_Todo.csproj", "{3BE266EA-9D91-4D42-B592-E43209147016}"
EndProject
Global
	GlobalSection(SolutionConfigurationPlatforms) = preSolution
		Debug|Any CPU = Debug|Any CPU
		Release|Any CPU = Release|Any CPU
	EndGlobalSection
	GlobalSection(ProjectConfigurationPlatforms) = postSolution
		{3BE266EA-9D91-4D42-B592-E43209147016}.Debug|Any CPU.ActiveCfg = Debug|Any CPU
		{3BE266EA-9D91-4D42-B592-E43209147016}.Debug|Any CPU.Build.0 = Debug|Any CPU
		{3BE266EA-9D91-4D42-B592-E43209147016}.Release|Any CPU.ActiveCfg = Release|Any CPU
		{3BE266EA-9D91-4D42-B592-E43209147016}.Release|Any CPU.Build.0 = Release|Any CPU
	EndGlobalSection
	GlobalSection(SolutionProperties) = preSolution
		HideSolutionNode = FALSE
	EndGlobalSection
	GlobalSection(ExtensibilityGlobals) = postSolution
		SolutionGuid = {10A755AB-4EE8-4C8D-BF34-FAC6381F3551}
	EndGlobalSection
EndGlobal
